Microsoft Visual Studio Solution File, Format Version 12.00
# Visual Studio Version 17
VisualStudioVersion = 17.5.2.0
MinimumVisualStudioVersion = 10.0.40219.1
Project("{FAE04EC0-301F-11D3-BF4B-00C04F79EFBC}") = "SampleMcpServer", "SampleMcpServer.csproj", "{95C7F689-2670-870B-E7E3-138C9D01C508}"
EndProject
Global
	GlobalSection(SolutionConfigurationPlatforms) = preSolution
		Debug|Any CPU = Debug|Any CPU
		Release|Any CPU = Release|Any CPU
	EndGlobalSection
	GlobalSection(ProjectConfigurationPlatforms) = postSolution
		{95C7F689-2670-870B-E7E3-138C9D01C508}.Debug|Any CPU.ActiveCfg = Debug|Any CPU
		{95C7F689-2670-870B-E7E3-138C9D01C508}.Debug|Any CPU.Build.0 = Debug|Any CPU
		{95C7F689-2670-870B-E7E3-138C9D01C508}.Release|Any CPU.ActiveCfg = Release|Any CPU
		{95C7F689-2670-870B-E7E3-138C9D01C508}.Release|Any CPU.Build.0 = Release|Any CPU
	EndGlobalSection
	GlobalSection(SolutionProperties) = preSolution
		HideSolutionNode = FALSE
	EndGlobalSection
	GlobalSection(ExtensibilityGlobals) = postSolution
		SolutionGuid = {9959616C-1847-416A-A3B8-E55E2AFF77E2}
	EndGlobalSection
EndGlobal
